
Microsoft Visual Studio Solution File, Format Version 12.00
# Visual Studio 15
VisualStudioVersion = 15.0.27428.2037
MinimumVisualStudioVersion = 10.0.40219.1
Project("{FAE04EC0-301F-11D3-BF4B-00C04F79EFBC}") = "Test2018", "Test2018\Test2018.csproj", "{B320A9CE-4F53-46E2-8C1D-4B0DB2FAD4F2}"
EndProject
Global
	GlobalSection(SolutionConfigurationPlatforms) = preSolution
		Debug|Any CPU = Debug|Any CPU
		Release|Any CPU = Release|Any CPU
	EndGlobalSection
	GlobalSection(ProjectConfigurationPlatforms) = postSolution
		{B320A9CE-4F53-46E2-8C1D-4B0DB2FAD4F2}.Debug|Any CPU.ActiveCfg = Debug|Any CPU
		{B320A9CE-4F53-46E2-8C1D-4B0DB2FAD4F2}.Debug|Any CPU.Build.0 = Debug|Any CPU
		{B320A9CE-4F53-46E2-8C1D-4B0DB2FAD4F2}.Release|Any CPU.ActiveCfg = Release|Any CPU
		{B320A9CE-4F53-46E2-8C1D-4B0DB2FAD4F2}.Release|Any CPU.Build.0 = Release|Any CPU
	EndGlobalSection
	GlobalSection(SolutionProperties) = preSolution
		HideSolutionNode = FALSE
	EndGlobalSection
	GlobalSection(ExtensibilityGlobals) = postSolution
		SolutionGuid = {A297147B-98FC-46B7-8EFD-5192BCF0D3BD}
	EndGlobalSection
EndGlobal
